
Microsoft Visual Studio Solution File, Format Version 12.00
# Visual Studio Version 17
VisualStudioVersion = 17.11.35327.3
MinimumVisualStudioVersion = 10.0.40219.1
Project("{FAE04EC0-301F-11D3-BF4B-00C04F79EFBC}") = "count-vowels", "count-vowels\count-vowels.csproj", "{57B67D6C-E481-4801-811C-E32A3C8C4039}"
EndProject
Global
	GlobalSection(SolutionConfigurationPlatforms) = preSolution
		Debug|Any CPU = Debug|Any CPU
		Release|Any CPU = Release|Any CPU
	EndGlobalSection
	GlobalSection(ProjectConfigurationPlatforms) = postSolution
		{57B67D6C-E481-4801-811C-E32A3C8C4039}.Debug|Any CPU.ActiveCfg = Debug|Any CPU
		{57B67D6C-E481-4801-811C-E32A3C8C4039}.Debug|Any CPU.Build.0 = Debug|Any CPU
		{57B67D6C-E481-4801-811C-E32A3C8C4039}.Release|Any CPU.ActiveCfg = Release|Any CPU
		{57B67D6C-E481-4801-811C-E32A3C8C4039}.Release|Any CPU.Build.0 = Release|Any CPU
	EndGlobalSection
	GlobalSection(SolutionProperties) = preSolution
		HideSolutionNode = FALSE
	EndGlobalSection
	GlobalSection(ExtensibilityGlobals) = postSolution
		SolutionGuid = {C7BAB8C2-F2DB-4C72-8273-68FA8C9AD267}
	EndGlobalSection
EndGlobal
