
Microsoft Visual Studio Solution File, Format Version 12.00
# Visual Studio Version 17
VisualStudioVersion = 17.11.35327.3
MinimumVisualStudioVersion = 10.0.40219.1
Project("{FAE04EC0-301F-11D3-BF4B-00C04F79EFBC}") = "largest-of-three-numbers", "largest-of-three-numbers\largest-of-three-numbers.csproj", "{476DAFBC-0FDB-4FFC-97CB-96A458A97F1A}"
EndProject
Global
	GlobalSection(SolutionConfigurationPlatforms) = preSolution
		Debug|Any CPU = Debug|Any CPU
		Release|Any CPU = Release|Any CPU
	EndGlobalSection
	GlobalSection(ProjectConfigurationPlatforms) = postSolution
		{476DAFBC-0FDB-4FFC-97CB-96A458A97F1A}.Debug|Any CPU.ActiveCfg = Debug|Any CPU
		{476DAFBC-0FDB-4FFC-97CB-96A458A97F1A}.Debug|Any CPU.Build.0 = Debug|Any CPU
		{476DAFBC-0FDB-4FFC-97CB-96A458A97F1A}.Release|Any CPU.ActiveCfg = Release|Any CPU
		{476DAFBC-0FDB-4FFC-97CB-96A458A97F1A}.Release|Any CPU.Build.0 = Release|Any CPU
	EndGlobalSection
	GlobalSection(SolutionProperties) = preSolution
		HideSolutionNode = FALSE
	EndGlobalSection
	GlobalSection(ExtensibilityGlobals) = postSolution
		SolutionGuid = {E35834B9-E791-4784-A46E-2DD95A7006E4}
	EndGlobalSection
EndGlobal
