
Microsoft Visual Studio Solution File, Format Version 12.00
# Visual Studio Version 17
VisualStudioVersion = 17.11.35327.3
MinimumVisualStudioVersion = 10.0.40219.1
Project("{FAE04EC0-301F-11D3-BF4B-00C04F79EFBC}") = "HelloWorld", "HelloWorld\HelloWorld.csproj", "{7E7290F4-BB89-42AB-AB81-A774711CE97F}"
EndProject
Global
	GlobalSection(SolutionConfigurationPlatforms) = preSolution
		Debug|Any CPU = Debug|Any CPU
		Release|Any CPU = Release|Any CPU
	EndGlobalSection
	GlobalSection(ProjectConfigurationPlatforms) = postSolution
		{7E7290F4-BB89-42AB-AB81-A774711CE97F}.Debug|Any CPU.ActiveCfg = Debug|Any CPU
		{7E7290F4-BB89-42AB-AB81-A774711CE97F}.Debug|Any CPU.Build.0 = Debug|Any CPU
		{7E7290F4-BB89-42AB-AB81-A774711CE97F}.Release|Any CPU.ActiveCfg = Release|Any CPU
		{7E7290F4-BB89-42AB-AB81-A774711CE97F}.Release|Any CPU.Build.0 = Release|Any CPU
	EndGlobalSection
	GlobalSection(SolutionProperties) = preSolution
		HideSolutionNode = FALSE
	EndGlobalSection
	GlobalSection(ExtensibilityGlobals) = postSolution
		SolutionGuid = {91BD9333-FE28-48D0-8664-07098F31FFE8}
	EndGlobalSection
EndGlobal
